
Microsoft Visual Studio Solution File, Format Version 12.00
# Visual Studio Version 17
VisualStudioVersion = 17.0.32014.148
MinimumVisualStudioVersion = 10.0.40219.1
Project("{FAE04EC0-301F-11D3-BF4B-00C04F79EFBC}") = "PizzaFactory", "PizzaFactory\PizzaFactory.csproj", "{A179DF09-1303-4223-9423-309C04EE48BE}"
EndProject
Global
	GlobalSection(SolutionConfigurationPlatforms) = preSolution
		Debug|Any CPU = Debug|Any CPU
		Release|Any CPU = Release|Any CPU
	EndGlobalSection
	GlobalSection(ProjectConfigurationPlatforms) = postSolution
		{A179DF09-1303-4223-9423-309C04EE48BE}.Debug|Any CPU.ActiveCfg = Debug|Any CPU
		{A179DF09-1303-4223-9423-309C04EE48BE}.Debug|Any CPU.Build.0 = Debug|Any CPU
		{A179DF09-1303-4223-9423-309C04EE48BE}.Release|Any CPU.ActiveCfg = Release|Any CPU
		{A179DF09-1303-4223-9423-309C04EE48BE}.Release|Any CPU.Build.0 = Release|Any CPU
	EndGlobalSection
	GlobalSection(SolutionProperties) = preSolution
		HideSolutionNode = FALSE
	EndGlobalSection
	GlobalSection(ExtensibilityGlobals) = postSolution
		SolutionGuid = {BF6E1DBD-4407-4536-B7BE-182A5013C047}
	EndGlobalSection
EndGlobal
